PODS:
  - EstimoteSDK (4.8.1)
  - Material (2.0.0)
  - Transporter (3.0.0)
  - XCGLogger (3.3)

DEPENDENCIES:
  - EstimoteSDK
  - Material (from `https://github.com/CosmicMind/Material.git`, branch `development`)
  - Transporter
  - XCGLogger (from `https://github.com/aperritano/XCGLogger.git`, branch `swift3_xcode8_6`)

EXTERNAL SOURCES:
  Material:
    :branch: development
    :git: https://github.com/CosmicMind/Material.git
  XCGLogger:
    :branch: swift3_xcode8_6
    :git: https://github.com/aperritano/XCGLogger.git

CHECKOUT OPTIONS:
  Material:
    :commit: fecfd6a19e076a033e2b867241a12a8466704021
    :git: https://github.com/CosmicMind/Material.git
  XCGLogger:
    :commit: 8c36469e563d04ad598c8149ef9c434d3e22831b
    :git: https://github.com/aperritano/XCGLogger.git

SPEC CHECKSUMS:
  EstimoteSDK: 8ea0a0c6f7bee1286aad03b9bf38066e8839b6d9
  Material: 61dcd49507c32d07c1557267ec360ce35bd0b1c5
  Transporter: b6e906451c22d7119b6556adf3481689a5c30677
  XCGLogger: d6e196e78940ff6daab17d6917107876f973fa31

PODFILE CHECKSUM: c2cfa2129cbf1fea6903c780b62c43f8641dfed3

COCOAPODS: 1.1.0.rc.2
