PODS:
  - Alamofire (4.0.1)
  - CryptoSwift (0.6.1)
  - EstimoteSDK (4.11.0)
  - HanekeSwift (0.10.1)
  - HockeySDK (4.1.2):
    - HockeySDK/DefaultLib (= 4.1.2)
  - HockeySDK/DefaultLib (4.1.2)
  - Material (2.2.0)
  - MQTTClient (0.8.5):
    - MQTTClient/Core (= 0.8.5)
  - MQTTClient/Core (0.8.5):
    - MQTTClient/Manager
    - MQTTClient/Min
  - MQTTClient/Manager (0.8.5):
    - MQTTClient/Min
  - MQTTClient/Min (0.8.5)
  - Nutella (1.0.0):
    - MQTTClient
  - NVActivityIndicatorView (3.0)
  - Realm (2.0.2):
    - Realm/Headers (= 2.0.2)
  - Realm/Headers (2.0.2)
  - RealmSwift (2.0.2):
    - Realm (= 2.0.2)
  - Transporter (3.0.0)
  - XCGLogger (4.0.0):
    - XCGLogger/Core (= 4.0.0)
  - XCGLogger/Core (4.0.0)

DEPENDENCIES:
  - Alamofire (~> 4.0)
  - CryptoSwift (from `https://github.com/krzyzanowskim/CryptoSwift`, branch `master`)
  - EstimoteSDK (from `https://github.com/Estimote/iOS-SDK.git`, branch `master`)
  - HanekeSwift (from `https://github.com/Haneke/HanekeSwift.git`, branch `feature/swift-3`)
  - HockeySDK (~> 4.1.1)
  - Material (from `https://github.com/CosmicMind/Material.git`, branch `master`)
  - Nutella (from `https://github.com/aperritano/Nutella`, branch `master`)
  - NVActivityIndicatorView
  - Realm
  - RealmSwift
  - Transporter
  - XCGLogger (~> 4.0.0)

EXTERNAL SOURCES:
  CryptoSwift:
    :branch: master
    :git: https://github.com/krzyzanowskim/CryptoSwift
  EstimoteSDK:
    :branch: master
    :git: https://github.com/Estimote/iOS-SDK.git
  HanekeSwift:
    :branch: feature/swift-3
    :git: https://github.com/Haneke/HanekeSwift.git
  Material:
    :branch: master
    :git: https://github.com/CosmicMind/Material.git
  Nutella:
    :branch: master
    :git: https://github.com/aperritano/Nutella

CHECKOUT OPTIONS:
  CryptoSwift:
    :commit: 5f9bb95c6f246c7e19bf4346a6ad1a0c406415f0
    :git: https://github.com/krzyzanowskim/CryptoSwift
  EstimoteSDK:
    :commit: 7866528497dc746c721fdcbab4adab5bacf5e32a
    :git: https://github.com/Estimote/iOS-SDK.git
  HanekeSwift:
    :commit: 6e48f795c5928101043a5e11e1377877e042012d
    :git: https://github.com/Haneke/HanekeSwift.git
  Material:
    :commit: 65548f9303b7eb73fc1fdaa72d5954380794c0a1
    :git: https://github.com/CosmicMind/Material.git
  Nutella:
    :commit: 89a4cb017d7d44a00eff8ca4e6a0e6d40b5c4c45
    :git: https://github.com/aperritano/Nutella

SPEC CHECKSUMS:
  Alamofire: 7682d43245de14874acd142ec137b144aa1dd335
  CryptoSwift: abdbc1bf32c89117c6b403810a7b30f742d86e68
  EstimoteSDK: b75d26004d401a335f43851d6369a69a8ce1c2ff
  HanekeSwift: 4113367892828e7700d24a384027de6ebc79aad1
  HockeySDK: c7523379550a4305cefc1cdfa7b5f9a5a3538180
  Material: 458bf69c34ddef7f2fd83d125969b4c038162c0c
  MQTTClient: fca939bcd74aa70af2d8ee35f3e44f258f4e9888
  Nutella: fef7c16a3e10ccddfc24830374ace126c16abf07
  NVActivityIndicatorView: 81953b5e65093ba79edf4fe7268e002039ca5268
  Realm: 0f5a194af0b7e6158b83db41b4ee1a00be7ddf1a
  RealmSwift: 0eb5070d851cba7c66e841ca756d83609dc78bc8
  Transporter: b6e906451c22d7119b6556adf3481689a5c30677
  XCGLogger: 38063ea89b4c8b23232d18efd2e12eb0005f3ea4

PODFILE CHECKSUM: 74703ac9706a0fedcde74ab7d542471663644047

COCOAPODS: 1.1.0.rc.3
