<?xml version="1.0" encoding="UTF-8"?>
<!DOCTYPE plist PUBLIC "-//Apple//DTD PLIST 1.0//EN" "http://www.apple.com/DTDs/PropertyList-1.0.dtd">
<plist version="1.0">
<dict>
	<key>archiveVersion</key>
	<string>1</string>
	<key>classes</key>
	<dict/>
	<key>objectVersion</key>
	<string>46</string>
	<key>objects</key>
	<dict>
		<key>351FCE10601876F58D4A23C0</key>
		<dict>
			<key>children</key>
			<array>
				<string>700A3AB71D4BC7E1009B540D</string>
				<string>700A3AB51D4BC7D8009B540D</string>
				<string>E88A1C1CBB05E4DB3693708A</string>
			</array>
			<key>isa</key>
			<string>PBXGroup</string>
			<key>name</key>
			<string>Frameworks</string>
			<key>sourceTree</key>
			<string>&lt;group&gt;</string>
		</dict>
		<key>3B59A5ABBDC2F3406224EF4B</key>
		<dict>
			<key>includeInIndex</key>
			<string>1</string>
			<key>isa</key>
			<string>PBXFileReference</string>
			<key>lastKnownFileType</key>
			<string>text.xcconfig</string>
			<key>name</key>
			<string>Pods-BeaconTerminal.release.xcconfig</string>
			<key>path</key>
			<string>Pods/Target Support Files/Pods-BeaconTerminal/Pods-BeaconTerminal.release.xcconfig</string>
			<key>sourceTree</key>
			<string>&lt;group&gt;</string>
		</dict>
		<key>50D286FD496FE984E4D6B351</key>
		<dict>
			<key>buildActionMask</key>
			<string>2147483647</string>
			<key>files</key>
			<array/>
			<key>inputPaths</key>
			<array/>
			<key>isa</key>
			<string>PBXShellScriptBuildPhase</string>
			<key>name</key>
			<string>[CP] Embed Pods Frameworks</string>
			<key>outputPaths</key>
			<array/>
			<key>runOnlyForDeploymentPostprocessing</key>
			<string>0</string>
			<key>shellPath</key>
			<string>/bin/sh</string>
			<key>shellScript</key>
			<string>"${SRCROOT}/Pods/Target Support Files/Pods-BeaconTerminal/Pods-BeaconTerminal-frameworks.sh"
</string>
			<key>showEnvVarsInLog</key>
			<string>0</string>
		</dict>
		<key>6A27FBCB4C2DB3439725EB5A</key>
		<dict>
			<key>includeInIndex</key>
			<string>1</string>
			<key>isa</key>
			<string>PBXFileReference</string>
			<key>lastKnownFileType</key>
			<string>text.xcconfig</string>
			<key>name</key>
			<string>Pods-BeaconTerminal.debug.xcconfig</string>
			<key>path</key>
			<string>Pods/Target Support Files/Pods-BeaconTerminal/Pods-BeaconTerminal.debug.xcconfig</string>
			<key>sourceTree</key>
			<string>&lt;group&gt;</string>
		</dict>
		<key>700A3AB51D4BC7D8009B540D</key>
		<dict>
			<key>isa</key>
			<string>PBXFileReference</string>
			<key>lastKnownFileType</key>
			<string>wrapper.framework</string>
			<key>name</key>
			<string>Photos.framework</string>
			<key>path</key>
			<string>System/Library/Frameworks/Photos.framework</string>
			<key>sourceTree</key>
			<string>SDKROOT</string>
		</dict>
		<key>700A3AB61D4BC7D8009B540D</key>
		<dict>
			<key>fileRef</key>
			<string>700A3AB51D4BC7D8009B540D</string>
			<key>isa</key>
			<string>PBXBuildFile</string>
		</dict>
		<key>700A3AB71D4BC7E1009B540D</key>
		<dict>
			<key>isa</key>
			<string>PBXFileReference</string>
			<key>lastKnownFileType</key>
			<string>wrapper.framework</string>
			<key>name</key>
			<string>MobileCoreServices.framework</string>
			<key>path</key>
			<string>System/Library/Frameworks/MobileCoreServices.framework</string>
			<key>sourceTree</key>
			<string>SDKROOT</string>
		</dict>
		<key>700A3AB81D4BC7E1009B540D</key>
		<dict>
			<key>fileRef</key>
			<string>700A3AB71D4BC7E1009B540D</string>
			<key>isa</key>
			<string>PBXBuildFile</string>
		</dict>
		<key>701103AB1D4E3BE200F81AC4</key>
		<dict>
			<key>fileEncoding</key>
			<string>4</string>
			<key>isa</key>
			<string>PBXFileReference</string>
			<key>lastKnownFileType</key>
			<string>sourcecode.swift</string>
			<key>path</key>
			<string>SwiftyJSON.swift</string>
			<key>sourceTree</key>
			<string>&lt;group&gt;</string>
		</dict>
		<key>701103AC1D4E3BE200F81AC4</key>
		<dict>
			<key>fileRef</key>
			<string>701103AB1D4E3BE200F81AC4</string>
			<key>isa</key>
			<string>PBXBuildFile</string>
		</dict>
		<key>701380D41D1C7B5400C0EDDB</key>
		<dict>
			<key>children</key>
			<array/>
			<key>isa</key>
			<string>PBXGroup</string>
			<key>name</key>
			<string>SupportFrameworks</string>
			<key>path</key>
			<string>Storyboard</string>
			<key>sourceTree</key>
			<string>&lt;group&gt;</string>
		</dict>
		<key>701840FF1D604181003921A1</key>
		<dict>
			<key>children</key>
			<array>
				<string>701841001D6041AF003921A1</string>
			</array>
			<key>isa</key>
			<string>PBXGroup</string>
			<key>name</key>
			<string>Map</string>
			<key>sourceTree</key>
			<string>&lt;group&gt;</string>
		</dict>
		<key>701841001D6041AF003921A1</key>
		<dict>
			<key>fileEncoding</key>
			<string>4</string>
			<key>isa</key>
			<string>PBXFileReference</string>
			<key>lastKnownFileType</key>
			<string>sourcecode.swift</string>
			<key>path</key>
			<string>MapViewController.swift</string>
			<key>sourceTree</key>
			<string>&lt;group&gt;</string>
		</dict>
		<key>701841011D6041AF003921A1</key>
		<dict>
			<key>fileRef</key>
			<string>701841001D6041AF003921A1</string>
			<key>isa</key>
			<string>PBXBuildFile</string>
		</dict>
		<key>7031DB181D65E156000DCC61</key>
		<dict>
			<key>children</key>
			<array>
				<string>7031DB191D65E18B000DCC61</string>
				<string>7031DB1B1D65E3E5000DCC61</string>
				<string>70D3D7121D66B37500A57B92</string>
				<string>70D3D7141D66C22B00A57B92</string>
				<string>7064CAA11D67802800B77ADA</string>
			</array>
			<key>isa</key>
			<string>PBXGroup</string>
			<key>name</key>
			<string>Terminal</string>
			<key>sourceTree</key>
			<string>&lt;group&gt;</string>
		</dict>
		<key>7031DB191D65E18B000DCC61</key>
		<dict>
			<key>fileEncoding</key>
			<string>4</string>
			<key>isa</key>
			<string>PBXFileReference</string>
			<key>lastKnownFileType</key>
			<string>file.storyboard</string>
			<key>path</key>
			<string>Terminal.storyboard</string>
			<key>sourceTree</key>
			<string>&lt;group&gt;</string>
		</dict>
		<key>7031DB1A1D65E18B000DCC61</key>
		<dict>
			<key>fileRef</key>
			<string>7031DB191D65E18B000DCC61</string>
			<key>isa</key>
			<string>PBXBuildFile</string>
		</dict>
		<key>7031DB1B1D65E3E5000DCC61</key>
		<dict>
			<key>fileEncoding</key>
			<string>4</string>
			<key>isa</key>
			<string>PBXFileReference</string>
			<key>lastKnownFileType</key>
			<string>sourcecode.swift</string>
			<key>name</key>
			<string>TerminalViewController.swift</string>
			<key>path</key>
			<string>Terminal/TerminalViewController.swift</string>
			<key>sourceTree</key>
			<string>&lt;group&gt;</string>
		</dict>
		<key>7031DB1C1D65E3E5000DCC61</key>
		<dict>
			<key>fileRef</key>
			<string>7031DB1B1D65E3E5000DCC61</string>
			<key>isa</key>
			<string>PBXBuildFile</string>
		</dict>
		<key>7031DB1D1D65EC0A000DCC61</key>
		<dict>
			<key>fileEncoding</key>
			<string>4</string>
			<key>isa</key>
			<string>PBXFileReference</string>
			<key>lastKnownFileType</key>
			<string>sourcecode.swift</string>
			<key>name</key>
			<string>LoginSpeciesCollectionController.swift</string>
			<key>path</key>
			<string>Login/LoginSpeciesCollectionController.swift</string>
			<key>sourceTree</key>
			<string>&lt;group&gt;</string>
		</dict>
		<key>7031DB1E1D65EC0A000DCC61</key>
		<dict>
			<key>fileRef</key>
			<string>7031DB1D1D65EC0A000DCC61</string>
			<key>isa</key>
			<string>PBXBuildFile</string>
		</dict>
		<key>7031DB1F1D6610AE000DCC61</key>
		<dict>
			<key>fileEncoding</key>
			<string>4</string>
			<key>isa</key>
			<string>PBXFileReference</string>
			<key>lastKnownFileType</key>
			<string>sourcecode.swift</string>
			<key>name</key>
			<string>LoginSpeciesCell.swift</string>
			<key>path</key>
			<string>Login/LoginSpeciesCell.swift</string>
			<key>sourceTree</key>
			<string>&lt;group&gt;</string>
		</dict>
		<key>7031DB201D6610AE000DCC61</key>
		<dict>
			<key>fileRef</key>
			<string>7031DB1F1D6610AE000DCC61</string>
			<key>isa</key>
			<string>PBXBuildFile</string>
		</dict>
		<key>70389A0A1D5E6ECE005DF200</key>
		<dict>
			<key>fileEncoding</key>
			<string>4</string>
			<key>isa</key>
			<string>PBXFileReference</string>
			<key>lastKnownFileType</key>
			<string>sourcecode.swift</string>
			<key>path</key>
			<string>BadgeUtil.swift</string>
			<key>sourceTree</key>
			<string>&lt;group&gt;</string>
		</dict>
		<key>70389A0B1D5E6ECE005DF200</key>
		<dict>
			<key>fileRef</key>
			<string>70389A0A1D5E6ECE005DF200</string>
			<key>isa</key>
			<string>PBXBuildFile</string>
		</dict>
		<key>70400D481D3DE108001942BA</key>
		<dict>
			<key>fileEncoding</key>
			<string>4</string>
			<key>isa</key>
			<string>PBXFileReference</string>
			<key>lastKnownFileType</key>
			<string>sourcecode.swift</string>
			<key>name</key>
			<string>SpeciesMenuViewController.swift</string>
			<key>path</key>
			<string>BeaconTerminal/Controllers/SpeciesMenuViewController.swift</string>
			<key>sourceTree</key>
			<string>SOURCE_ROOT</string>
		</dict>
		<key>70400D491D3DE108001942BA</key>
		<dict>
			<key>fileRef</key>
			<string>70400D481D3DE108001942BA</string>
			<key>isa</key>
			<string>PBXBuildFile</string>
		</dict>
		<key>704204191CE8E94D00C09FD0</key>
		<dict>
			<key>fileEncoding</key>
			<string>4</string>
			<key>isa</key>
			<string>PBXFileReference</string>
			<key>lastKnownFileType</key>
			<string>sourcecode.swift</string>
			<key>name</key>
			<string>LoadingView.swift</string>
			<key>path</key>
			<string>../Views/LoadingView.swift</string>
			<key>sourceTree</key>
			<string>&lt;group&gt;</string>
		</dict>
		<key>7042041D1CE8E94D00C09FD0</key>
		<dict>
			<key>fileRef</key>
			<string>704204191CE8E94D00C09FD0</string>
			<key>isa</key>
			<string>PBXBuildFile</string>
		</dict>
		<key>704204201CE8E98B00C09FD0</key>
		<dict>
			<key>children</key>
			<array>
				<string>70A06DD51CE3FB54008FC11F</string>
				<string>70A06DD11CE3F84D008FC11F</string>
				<string>70A06DD21CE3F84D008FC11F</string>
			</array>
			<key>isa</key>
			<string>PBXGroup</string>
			<key>path</key>
			<string>Sounds</string>
			<key>sourceTree</key>
			<string>&lt;group&gt;</string>
		</dict>
		<key>705F6A201D398EEA00F3E666</key>
		<dict>
			<key>fileEncoding</key>
			<string>4</string>
			<key>isa</key>
			<string>PBXFileReference</string>
			<key>lastKnownFileType</key>
			<string>sourcecode.swift</string>
			<key>path</key>
			<string>AppBottomNavigationController.swift</string>
			<key>sourceTree</key>
			<string>&lt;group&gt;</string>
		</dict>
		<key>705F6A211D398EEA00F3E666</key>
		<dict>
			<key>fileRef</key>
			<string>705F6A201D398EEA00F3E666</string>
			<key>isa</key>
			<string>PBXBuildFile</string>
		</dict>
		<key>7064CAA11D67802800B77ADA</key>
		<dict>
			<key>fileEncoding</key>
			<string>4</string>
			<key>isa</key>
			<string>PBXFileReference</string>
			<key>lastKnownFileType</key>
			<string>sourcecode.swift</string>
			<key>name</key>
			<string>TerminalRelationshipViewController.swift</string>
			<key>path</key>
			<string>Terminal/TerminalRelationshipViewController.swift</string>
			<key>sourceTree</key>
			<string>&lt;group&gt;</string>
		</dict>
		<key>7064CAA21D67802800B77ADA</key>
		<dict>
			<key>fileRef</key>
			<string>7064CAA11D67802800B77ADA</string>
			<key>isa</key>
			<string>PBXBuildFile</string>
		</dict>
		<key>7064CAA31D6783FB00B77ADA</key>
		<dict>
			<key>fileEncoding</key>
			<string>4</string>
			<key>isa</key>
			<string>PBXFileReference</string>
			<key>lastKnownFileType</key>
			<string>sourcecode.swift</string>
			<key>path</key>
			<string>StringUtil.swift</string>
			<key>sourceTree</key>
			<string>&lt;group&gt;</string>
		</dict>
		<key>7064CAA41D6783FB00B77ADA</key>
		<dict>
			<key>fileRef</key>
			<string>7064CAA31D6783FB00B77ADA</string>
			<key>isa</key>
			<string>PBXBuildFile</string>
		</dict>
		<key>706F331C1D44689A00D569AE</key>
		<dict>
			<key>fileEncoding</key>
			<string>4</string>
			<key>isa</key>
			<string>PBXFileReference</string>
			<key>lastKnownFileType</key>
			<string>sourcecode.swift</string>
			<key>path</key>
			<string>RelationshipDetailViewController.swift</string>
			<key>sourceTree</key>
			<string>&lt;group&gt;</string>
		</dict>
		<key>706F331D1D44689A00D569AE</key>
		<dict>
			<key>fileRef</key>
			<string>706F331C1D44689A00D569AE</string>
			<key>isa</key>
			<string>PBXBuildFile</string>
		</dict>
		<key>7070C4D41D4E77BA00AB47FF</key>
		<dict>
			<key>fileEncoding</key>
			<string>4</string>
			<key>isa</key>
			<string>PBXFileReference</string>
			<key>lastKnownFileType</key>
			<string>file.storyboard</string>
			<key>path</key>
			<string>Popover.storyboard</string>
			<key>sourceTree</key>
			<string>&lt;group&gt;</string>
		</dict>
		<key>7070C4D51D4E77BA00AB47FF</key>
		<dict>
			<key>fileRef</key>
			<string>7070C4D41D4E77BA00AB47FF</string>
			<key>isa</key>
			<string>PBXBuildFile</string>
		</dict>
		<key>7074BBC61D3352CC00FC7C90</key>
		<dict>
			<key>fileEncoding</key>
			<string>4</string>
			<key>isa</key>
			<string>PBXFileReference</string>
			<key>lastKnownFileType</key>
			<string>sourcecode.swift</string>
			<key>name</key>
			<string>RelationshipDropView.swift</string>
			<key>path</key>
			<string>BeaconTerminal/Controllers/Carousel/RelationshipDropView.swift</string>
			<key>sourceTree</key>
			<string>SOURCE_ROOT</string>
		</dict>
		<key>7074BBC71D3352CC00FC7C90</key>
		<dict>
			<key>fileRef</key>
			<string>7074BBC61D3352CC00FC7C90</string>
			<key>isa</key>
			<string>PBXBuildFile</string>
		</dict>
		<key>708D70631D2EFEF70032F422</key>
		<dict>
			<key>fileEncoding</key>
			<string>4</string>
			<key>isa</key>
			<string>PBXFileReference</string>
			<key>lastKnownFileType</key>
			<string>sourcecode.swift</string>
			<key>path</key>
			<string>CoverFlowCell.swift</string>
			<key>sourceTree</key>
			<string>&lt;group&gt;</string>
		</dict>
		<key>708D70641D2EFEF70032F422</key>
		<dict>
			<key>fileRef</key>
			<string>708D70631D2EFEF70032F422</string>
			<key>isa</key>
			<string>PBXBuildFile</string>
		</dict>
		<key>708D70651D2F03070032F422</key>
		<dict>
			<key>fileEncoding</key>
			<string>4</string>
			<key>isa</key>
			<string>PBXFileReference</string>
			<key>lastKnownFileType</key>
			<string>file.xib</string>
			<key>path</key>
			<string>CoverFlowCell.xib</string>
			<key>sourceTree</key>
			<string>&lt;group&gt;</string>
		</dict>
		<key>708D70661D2F03070032F422</key>
		<dict>
			<key>fileRef</key>
			<string>708D70651D2F03070032F422</string>
			<key>isa</key>
			<string>PBXBuildFile</string>
		</dict>
		<key>708E0E3D1D4D0BAF0094F17A</key>
		<dict>
			<key>fileEncoding</key>
			<string>4</string>
			<key>isa</key>
			<string>PBXFileReference</string>
			<key>lastKnownFileType</key>
			<string>file.storyboard</string>
			<key>name</key>
			<string>CoverFlow.storyboard</string>
			<key>path</key>
			<string>BeaconTerminal/Controllers/Carousel/CoverFlow.storyboard</string>
			<key>sourceTree</key>
			<string>SOURCE_ROOT</string>
		</dict>
		<key>708E0E3E1D4D0BAF0094F17A</key>
		<dict>
			<key>fileRef</key>
			<string>708E0E3D1D4D0BAF0094F17A</string>
			<key>isa</key>
			<string>PBXBuildFile</string>
		</dict>
		<key>70920D091CD52C4F001B582F</key>
		<dict>
			<key>children</key>
			<array>
				<string>70EF4FF91CE6135200AC8AD5</string>
				<string>70AE00601D0F14CF00C3C61B</string>
			</array>
			<key>isa</key>
			<string>PBXGroup</string>
			<key>path</key>
			<string>DataObjects</string>
			<key>sourceTree</key>
			<string>&lt;group&gt;</string>
		</dict>
		<key>70920D0C1CD57B3F001B582F</key>
		<dict>
			<key>children</key>
			<array>
				<string>70F29A651D57DB8C0057A497</string>
				<string>704204201CE8E98B00C09FD0</string>
				<string>70D3BCB81CD85EAC003F52CE</string>
				<string>70D3BCB61CD85E43003F52CE</string>
				<string>70920D0D1CD57B54001B582F</string>
				<string>70F29A681D582AAD0057A497</string>
				<string>AE9764981C22C1BF0058A4DC</string>
				<string>AE9764BC1C22F4B80058A4DC</string>
				<string>C0A7D004FC456D55A564307C</string>
			</array>
			<key>isa</key>
			<string>PBXGroup</string>
			<key>name</key>
			<string>Support</string>
			<key>sourceTree</key>
			<string>&lt;group&gt;</string>
		</dict>
		<key>70920D0D1CD57B54001B582F</key>
		<dict>
			<key>fileEncoding</key>
			<string>4</string>
			<key>isa</key>
			<string>PBXFileReference</string>
			<key>lastKnownFileType</key>
			<string>text.json</string>
			<key>path</key>
			<string>wallcology_configuration.json</string>
			<key>sourceTree</key>
			<string>&lt;group&gt;</string>
		</dict>
		<key>70920D0E1CD57B54001B582F</key>
		<dict>
			<key>fileRef</key>
			<string>70920D0D1CD57B54001B582F</string>
			<key>isa</key>
			<string>PBXBuildFile</string>
		</dict>
		<key>7099CDA11D0F99050037E56C</key>
		<dict>
			<key>fileEncoding</key>
			<string>4</string>
			<key>isa</key>
			<string>PBXFileReference</string>
			<key>lastKnownFileType</key>
			<string>sourcecode.swift</string>
			<key>name</key>
			<string>Pulsator.swift</string>
			<key>path</key>
			<string>../Views/Pulsator.swift</string>
			<key>sourceTree</key>
			<string>&lt;group&gt;</string>
		</dict>
		<key>7099CDA21D0F99050037E56C</key>
		<dict>
			<key>fileRef</key>
			<string>7099CDA11D0F99050037E56C</string>
			<key>isa</key>
			<string>PBXBuildFile</string>
		</dict>
		<key>70A06DD11CE3F84D008FC11F</key>
		<dict>
			<key>isa</key>
			<string>PBXFileReference</string>
			<key>lastKnownFileType</key>
			<string>audio.wav</string>
			<key>path</key>
			<string>click.wav</string>
			<key>sourceTree</key>
			<string>&lt;group&gt;</string>
		</dict>
		<key>70A06DD21CE3F84D008FC11F</key>
		<dict>
			<key>isa</key>
			<string>PBXFileReference</string>
			<key>lastKnownFileType</key>
			<string>audio.wav</string>
			<key>path</key>
			<string>coin.wav</string>
			<key>sourceTree</key>
			<string>&lt;group&gt;</string>
		</dict>
		<key>70A06DD31CE3F84D008FC11F</key>
		<dict>
			<key>fileRef</key>
			<string>70A06DD11CE3F84D008FC11F</string>
			<key>isa</key>
			<string>PBXBuildFile</string>
		</dict>
		<key>70A06DD41CE3F84D008FC11F</key>
		<dict>
			<key>fileRef</key>
			<string>70A06DD21CE3F84D008FC11F</string>
			<key>isa</key>
			<string>PBXBuildFile</string>
		</dict>
		<key>70A06DD51CE3FB54008FC11F</key>
		<dict>
			<key>isa</key>
			<string>PBXFileReference</string>
			<key>lastKnownFileType</key>
			<string>audio.wav</string>
			<key>path</key>
			<string>tap.wav</string>
			<key>sourceTree</key>
			<string>&lt;group&gt;</string>
		</dict>
		<key>70A06DD61CE3FB54008FC11F</key>
		<dict>
			<key>fileRef</key>
			<string>70A06DD51CE3FB54008FC11F</string>
			<key>isa</key>
			<string>PBXBuildFile</string>
		</dict>
		<key>70A5229A1D4C12A00047E7E7</key>
		<dict>
			<key>fileEncoding</key>
			<string>4</string>
			<key>isa</key>
			<string>PBXFileReference</string>
			<key>lastKnownFileType</key>
			<string>file.storyboard</string>
			<key>path</key>
			<string>Preferences.storyboard</string>
			<key>sourceTree</key>
			<string>&lt;group&gt;</string>
		</dict>
		<key>70A5229B1D4C12A00047E7E7</key>
		<dict>
			<key>fileRef</key>
			<string>70A5229A1D4C12A00047E7E7</string>
			<key>isa</key>
			<string>PBXBuildFile</string>
		</dict>
		<key>70A5229C1D4C55F50047E7E7</key>
		<dict>
			<key>fileEncoding</key>
			<string>4</string>
			<key>isa</key>
			<string>PBXFileReference</string>
			<key>lastKnownFileType</key>
			<string>sourcecode.swift</string>
			<key>path</key>
			<string>PreferencesViewController.swift</string>
			<key>sourceTree</key>
			<string>&lt;group&gt;</string>
		</dict>
		<key>70A5229D1D4C55F50047E7E7</key>
		<dict>
			<key>fileRef</key>
			<string>70A5229C1D4C55F50047E7E7</string>
			<key>isa</key>
			<string>PBXBuildFile</string>
		</dict>
		<key>70AE005C1D0DCD9200C3C61B</key>
		<dict>
			<key>fileEncoding</key>
			<string>4</string>
			<key>isa</key>
			<string>PBXFileReference</string>
			<key>lastKnownFileType</key>
			<string>sourcecode.swift</string>
			<key>name</key>
			<string>CenterCellCollectionViewFlowLayout.swift</string>
			<key>path</key>
			<string>../../Views/CenterCellCollectionViewFlowLayout.swift</string>
			<key>sourceTree</key>
			<string>&lt;group&gt;</string>
		</dict>
		<key>70AE005D1D0DCD9200C3C61B</key>
		<dict>
			<key>fileRef</key>
			<string>70AE005C1D0DCD9200C3C61B</string>
			<key>isa</key>
			<string>PBXBuildFile</string>
		</dict>
		<key>70AE00601D0F14CF00C3C61B</key>
		<dict>
			<key>fileEncoding</key>
			<string>4</string>
			<key>isa</key>
			<string>PBXFileReference</string>
			<key>lastKnownFileType</key>
			<string>sourcecode.swift</string>
			<key>path</key>
			<string>RealmDataController.swift</string>
			<key>sourceTree</key>
			<string>&lt;group&gt;</string>
		</dict>
		<key>70AE00611D0F14CF00C3C61B</key>
		<dict>
			<key>fileRef</key>
			<string>70AE00601D0F14CF00C3C61B</string>
			<key>isa</key>
			<string>PBXBuildFile</string>
		</dict>
		<key>70AE971B1D202AAE0002C26F</key>
		<dict>
			<key>fileEncoding</key>
			<string>4</string>
			<key>isa</key>
			<string>PBXFileReference</string>
			<key>lastKnownFileType</key>
			<string>sourcecode.swift</string>
			<key>name</key>
			<string>HRToast+UIView.swift</string>
			<key>path</key>
			<string>../Views/HRToast+UIView.swift</string>
			<key>sourceTree</key>
			<string>&lt;group&gt;</string>
		</dict>
		<key>70AE971C1D202AAE0002C26F</key>
		<dict>
			<key>fileRef</key>
			<string>70AE971B1D202AAE0002C26F</string>
			<key>isa</key>
			<string>PBXBuildFile</string>
		</dict>
		<key>70C1CF341D592DEB00CB687E</key>
		<dict>
			<key>children</key>
			<array>
				<string>70C1CF351D592E2800CB687E</string>
				<string>70D9C1B11D6650B700FAF080</string>
				<string>7031DB1D1D65EC0A000DCC61</string>
				<string>7031DB1F1D6610AE000DCC61</string>
				<string>70D9C1B31D6651F100FAF080</string>
			</array>
			<key>isa</key>
			<string>PBXGroup</string>
			<key>name</key>
			<string>Login</string>
			<key>sourceTree</key>
			<string>&lt;group&gt;</string>
		</dict>
		<key>70C1CF351D592E2800CB687E</key>
		<dict>
			<key>fileEncoding</key>
			<string>4</string>
			<key>isa</key>
			<string>PBXFileReference</string>
			<key>lastKnownFileType</key>
			<string>sourcecode.swift</string>
			<key>name</key>
			<string>LoginSectionCollectionViewController.swift</string>
			<key>path</key>
			<string>Login/LoginSectionCollectionViewController.swift</string>
			<key>sourceTree</key>
			<string>&lt;group&gt;</string>
		</dict>
		<key>70C1CF361D592E2800CB687E</key>
		<dict>
			<key>fileRef</key>
			<string>70C1CF351D592E2800CB687E</string>
			<key>isa</key>
			<string>PBXBuildFile</string>
		</dict>
		<key>70C487461D32A6DF004F103A</key>
		<dict>
			<key>fileEncoding</key>
			<string>4</string>
			<key>isa</key>
			<string>PBXFileReference</string>
			<key>lastKnownFileType</key>
			<string>sourcecode.swift</string>
			<key>path</key>
			<string>RelationshipsUIView.swift</string>
			<key>sourceTree</key>
			<string>&lt;group&gt;</string>
		</dict>
		<key>70C487471D32A6DF004F103A</key>
		<dict>
			<key>fileRef</key>
			<string>70C487461D32A6DF004F103A</string>
			<key>isa</key>
			<string>PBXBuildFile</string>
		</dict>
		<key>70D142681D414E2700A588B3</key>
		<dict>
			<key>fileEncoding</key>
			<string>4</string>
			<key>isa</key>
			<string>PBXFileReference</string>
			<key>lastKnownFileType</key>
			<string>sourcecode.swift</string>
			<key>path</key>
			<string>DragUtil.swift</string>
			<key>sourceTree</key>
			<string>&lt;group&gt;</string>
		</dict>
		<key>70D142691D414E2700A588B3</key>
		<dict>
			<key>fileRef</key>
			<string>70D142681D414E2700A588B3</string>
			<key>isa</key>
			<string>PBXBuildFile</string>
		</dict>
		<key>70D3BCB61CD85E43003F52CE</key>
		<dict>
			<key>isa</key>
			<string>PBXFileReference</string>
			<key>lastKnownFileType</key>
			<string>image.png</string>
			<key>name</key>
			<string>Default-568h@2x.png</string>
			<key>path</key>
			<string>../Default-568h@2x.png</string>
			<key>sourceTree</key>
			<string>&lt;group&gt;</string>
		</dict>
		<key>70D3BCB71CD85E43003F52CE</key>
		<dict>
			<key>fileRef</key>
			<string>70D3BCB61CD85E43003F52CE</string>
			<key>isa</key>
			<string>PBXBuildFile</string>
		</dict>
		<key>70D3BCB81CD85EAC003F52CE</key>
		<dict>
			<key>fileEncoding</key>
			<string>4</string>
			<key>isa</key>
			<string>PBXFileReference</string>
			<key>lastKnownFileType</key>
			<string>file.storyboard</string>
			<key>path</key>
			<string>LaunchScreen.storyboard</string>
			<key>sourceTree</key>
			<string>&lt;group&gt;</string>
		</dict>
		<key>70D3BCB91CD85EAC003F52CE</key>
		<dict>
			<key>fileRef</key>
			<string>70D3BCB81CD85EAC003F52CE</string>
			<key>isa</key>
			<string>PBXBuildFile</string>
		</dict>
		<key>70D3D7121D66B37500A57B92</key>
		<dict>
			<key>fileEncoding</key>
			<string>4</string>
			<key>isa</key>
			<string>PBXFileReference</string>
			<key>lastKnownFileType</key>
			<string>file.xib</string>
			<key>name</key>
			<string>TerminalSpeciesCell.xib</string>
			<key>path</key>
			<string>Terminal/TerminalSpeciesCell.xib</string>
			<key>sourceTree</key>
			<string>&lt;group&gt;</string>
		</dict>
		<key>70D3D7131D66B37500A57B92</key>
		<dict>
			<key>fileRef</key>
			<string>70D3D7121D66B37500A57B92</string>
			<key>isa</key>
			<string>PBXBuildFile</string>
		</dict>
		<key>70D3D7141D66C22B00A57B92</key>
		<dict>
			<key>fileEncoding</key>
			<string>4</string>
			<key>isa</key>
			<string>PBXFileReference</string>
			<key>lastKnownFileType</key>
			<string>sourcecode.swift</string>
			<key>name</key>
			<string>TerminalSpeciesCell.swift</string>
			<key>path</key>
			<string>Terminal/TerminalSpeciesCell.swift</string>
			<key>sourceTree</key>
			<string>&lt;group&gt;</string>
		</dict>
		<key>70D3D7151D66C22B00A57B92</key>
		<dict>
			<key>fileRef</key>
			<string>70D3D7141D66C22B00A57B92</string>
			<key>isa</key>
			<string>PBXBuildFile</string>
		</dict>
		<key>70D62F7F1CFCF03D006F6997</key>
		<dict>
			<key>fileEncoding</key>
			<string>4</string>
			<key>isa</key>
			<string>PBXFileReference</string>
			<key>lastKnownFileType</key>
			<string>sourcecode.swift</string>
			<key>path</key>
			<string>DraggableImageView.swift</string>
			<key>sourceTree</key>
			<string>&lt;group&gt;</string>
		</dict>
		<key>70D62F801CFCF03D006F6997</key>
		<dict>
			<key>fileEncoding</key>
			<string>4</string>
			<key>isa</key>
			<string>PBXFileReference</string>
			<key>lastKnownFileType</key>
			<string>sourcecode.swift</string>
			<key>path</key>
			<string>DragViewController.swift</string>
			<key>sourceTree</key>
			<string>&lt;group&gt;</string>
		</dict>
		<key>70D62F831CFCF03D006F6997</key>
		<dict>
			<key>fileRef</key>
			<string>70D62F7F1CFCF03D006F6997</string>
			<key>isa</key>
			<string>PBXBuildFile</string>
		</dict>
		<key>70D62F841CFCF03D006F6997</key>
		<dict>
			<key>fileRef</key>
			<string>70D62F801CFCF03D006F6997</string>
			<key>isa</key>
			<string>PBXBuildFile</string>
		</dict>
		<key>70D62F871CFCF043006F6997</key>
		<dict>
			<key>children</key>
			<array>
				<string>70D62F7F1CFCF03D006F6997</string>
				<string>70D62F881CFCF76C006F6997</string>
				<string>70D62F801CFCF03D006F6997</string>
			</array>
			<key>isa</key>
			<string>PBXGroup</string>
			<key>name</key>
			<string>DragAndDrop</string>
			<key>sourceTree</key>
			<string>&lt;group&gt;</string>
		</dict>
		<key>70D62F881CFCF76C006F6997</key>
		<dict>
			<key>fileEncoding</key>
			<string>4</string>
			<key>isa</key>
			<string>PBXFileReference</string>
			<key>lastKnownFileType</key>
			<string>sourcecode.swift</string>
			<key>path</key>
			<string>DropTargetView.swift</string>
			<key>sourceTree</key>
			<string>&lt;group&gt;</string>
		</dict>
		<key>70D62F891CFCF76C006F6997</key>
		<dict>
			<key>fileRef</key>
			<string>70D62F881CFCF76C006F6997</string>
			<key>isa</key>
			<string>PBXBuildFile</string>
		</dict>
		<key>70D84A0B1D343125003C36DF</key>
		<dict>
			<key>fileEncoding</key>
			<string>4</string>
			<key>isa</key>
			<string>PBXFileReference</string>
			<key>lastKnownFileType</key>
			<string>sourcecode.swift</string>
			<key>path</key>
			<string>DraggableSpeciesImageView.swift</string>
			<key>sourceTree</key>
			<string>&lt;group&gt;</string>
		</dict>
		<key>70D84A0C1D343125003C36DF</key>
		<dict>
			<key>fileRef</key>
			<string>70D84A0B1D343125003C36DF</string>
			<key>isa</key>
			<string>PBXBuildFile</string>
		</dict>
		<key>70D9C1B11D6650B700FAF080</key>
		<dict>
			<key>fileEncoding</key>
			<string>4</string>
			<key>isa</key>
			<string>PBXFileReference</string>
			<key>lastKnownFileType</key>
			<string>sourcecode.swift</string>
			<key>name</key>
			<string>LoginGroupCollectionViewController.swift</string>
			<key>path</key>
			<string>Login/LoginGroupCollectionViewController.swift</string>
			<key>sourceTree</key>
			<string>&lt;group&gt;</string>
		</dict>
		<key>70D9C1B21D6650B700FAF080</key>
		<dict>
			<key>fileRef</key>
			<string>70D9C1B11D6650B700FAF080</string>
			<key>isa</key>
			<string>PBXBuildFile</string>
		</dict>
		<key>70D9C1B31D6651F100FAF080</key>
		<dict>
			<key>fileEncoding</key>
			<string>4</string>
			<key>isa</key>
			<string>PBXFileReference</string>
			<key>lastKnownFileType</key>
			<string>sourcecode.swift</string>
			<key>name</key>
			<string>LoginGroupCell.swift</string>
			<key>path</key>
			<string>Login/LoginGroupCell.swift</string>
			<key>sourceTree</key>
			<string>&lt;group&gt;</string>
		</dict>
		<key>70D9C1B41D6651F100FAF080</key>
		<dict>
			<key>fileRef</key>
			<string>70D9C1B31D6651F100FAF080</string>
			<key>isa</key>
			<string>PBXBuildFile</string>
		</dict>
		<key>70DDD8CF1D1639C200E3EA10</key>
		<dict>
			<key>fileEncoding</key>
			<string>4</string>
			<key>isa</key>
			<string>PBXFileReference</string>
			<key>lastKnownFileType</key>
			<string>sourcecode.swift</string>
			<key>path</key>
			<string>AppNavigationController.swift</string>
			<key>sourceTree</key>
			<string>&lt;group&gt;</string>
		</dict>
		<key>70DDD8D01D1639C200E3EA10</key>
		<dict>
			<key>fileRef</key>
			<string>70DDD8CF1D1639C200E3EA10</string>
			<key>isa</key>
			<string>PBXBuildFile</string>
		</dict>
		<key>70E47EA71D32C5D3003CD6E2</key>
		<dict>
			<key>fileEncoding</key>
			<string>4</string>
			<key>isa</key>
			<string>PBXFileReference</string>
			<key>lastKnownFileType</key>
			<string>sourcecode.swift</string>
			<key>path</key>
			<string>UIColorExtension.swift</string>
			<key>sourceTree</key>
			<string>&lt;group&gt;</string>
		</dict>
		<key>70E47EA81D32C5D3003CD6E2</key>
		<dict>
			<key>fileRef</key>
			<string>70E47EA71D32C5D3003CD6E2</string>
			<key>isa</key>
			<string>PBXBuildFile</string>
		</dict>
		<key>70E8F4141D162C08007DF331</key>
		<dict>
			<key>fileEncoding</key>
			<string>4</string>
			<key>isa</key>
			<string>PBXFileReference</string>
			<key>lastKnownFileType</key>
			<string>sourcecode.swift</string>
			<key>path</key>
			<string>AppNavigationDrawerController.swift</string>
			<key>sourceTree</key>
			<string>&lt;group&gt;</string>
		</dict>
		<key>70E8F4191D162C08007DF331</key>
		<dict>
			<key>fileRef</key>
			<string>70E8F4141D162C08007DF331</string>
			<key>isa</key>
			<string>PBXBuildFile</string>
		</dict>
		<key>70E8F41A1D162CA8007DF331</key>
		<dict>
			<key>children</key>
			<array>
				<string>C0A7D041675C60FCCCCB17D9</string>
				<string>AE97648C1C22C1BF0058A4DC</string>
				<string>70E8F4141D162C08007DF331</string>
				<string>70DDD8CF1D1639C200E3EA10</string>
				<string>705F6A201D398EEA00F3E666</string>
			</array>
			<key>isa</key>
			<string>PBXGroup</string>
			<key>name</key>
			<string>Setup</string>
			<key>sourceTree</key>
			<string>&lt;group&gt;</string>
		</dict>
		<key>70EF4FF91CE6135200AC8AD5</key>
		<dict>
			<key>fileEncoding</key>
			<string>4</string>
			<key>isa</key>
			<string>PBXFileReference</string>
			<key>lastKnownFileType</key>
			<string>sourcecode.swift</string>
			<key>path</key>
			<string>Models.swift</string>
			<key>sourceTree</key>
			<string>&lt;group&gt;</string>
		</dict>
		<key>70EF4FFA1CE6135200AC8AD5</key>
		<dict>
			<key>fileRef</key>
			<string>70EF4FF91CE6135200AC8AD5</string>
			<key>isa</key>
			<string>PBXBuildFile</string>
		</dict>
		<key>70F0A3EA1CE6526000A0E752</key>
		<dict>
			<key>children</key>
			<array>
				<string>70F0A3EB1CE652E700A0E752</string>
				<string>70F0A3ED1CE652ED00A0E752</string>
				<string>70F0A3F11CE6530200A0E752</string>
				<string>70F0A3EF1CE652F400A0E752</string>
				<string>70F0A3F31CE6531C00A0E752</string>
			</array>
			<key>isa</key>
			<string>PBXGroup</string>
			<key>path</key>
			<string>ScratchPad</string>
			<key>sourceTree</key>
			<string>&lt;group&gt;</string>
		</dict>
		<key>70F0A3EB1CE652E700A0E752</key>
		<dict>
			<key>fileEncoding</key>
			<string>4</string>
			<key>isa</key>
			<string>PBXFileReference</string>
			<key>lastKnownFileType</key>
			<string>sourcecode.swift</string>
			<key>path</key>
			<string>CanvasView.swift</string>
			<key>sourceTree</key>
			<string>&lt;group&gt;</string>
		</dict>
		<key>70F0A3EC1CE652E700A0E752</key>
		<dict>
			<key>fileRef</key>
			<string>70F0A3EB1CE652E700A0E752</string>
			<key>isa</key>
			<string>PBXBuildFile</string>
		</dict>
		<key>70F0A3ED1CE652ED00A0E752</key>
		<dict>
			<key>fileEncoding</key>
			<string>4</string>
			<key>isa</key>
			<string>PBXFileReference</string>
			<key>lastKnownFileType</key>
			<string>sourcecode.swift</string>
			<key>path</key>
			<string>Line.swift</string>
			<key>sourceTree</key>
			<string>&lt;group&gt;</string>
		</dict>
		<key>70F0A3EE1CE652ED00A0E752</key>
		<dict>
			<key>fileRef</key>
			<string>70F0A3ED1CE652ED00A0E752</string>
			<key>isa</key>
			<string>PBXBuildFile</string>
		</dict>
		<key>70F0A3EF1CE652F400A0E752</key>
		<dict>
			<key>fileEncoding</key>
			<string>4</string>
			<key>isa</key>
			<string>PBXFileReference</string>
			<key>lastKnownFileType</key>
			<string>sourcecode.swift</string>
			<key>path</key>
			<string>MyImageView.swift</string>
			<key>sourceTree</key>
			<string>&lt;group&gt;</string>
		</dict>
		<key>70F0A3F01CE652F400A0E752</key>
		<dict>
			<key>fileRef</key>
			<string>70F0A3EF1CE652F400A0E752</string>
			<key>isa</key>
			<string>PBXBuildFile</string>
		</dict>
		<key>70F0A3F11CE6530200A0E752</key>
		<dict>
			<key>fileEncoding</key>
			<string>4</string>
			<key>isa</key>
			<string>PBXFileReference</string>
			<key>lastKnownFileType</key>
			<string>sourcecode.swift</string>
			<key>path</key>
			<string>ReticleView.swift</string>
			<key>sourceTree</key>
			<string>&lt;group&gt;</string>
		</dict>
		<key>70F0A3F21CE6530200A0E752</key>
		<dict>
			<key>fileRef</key>
			<string>70F0A3F11CE6530200A0E752</string>
			<key>isa</key>
			<string>PBXBuildFile</string>
		</dict>
		<key>70F0A3F31CE6531C00A0E752</key>
		<dict>
			<key>fileEncoding</key>
			<string>4</string>
			<key>isa</key>
			<string>PBXFileReference</string>
			<key>lastKnownFileType</key>
			<string>sourcecode.swift</string>
			<key>path</key>
			<string>ScratchPadViewController.swift</string>
			<key>sourceTree</key>
			<string>&lt;group&gt;</string>
		</dict>
		<key>70F0A3F41CE6531C00A0E752</key>
		<dict>
			<key>fileRef</key>
			<string>70F0A3F31CE6531C00A0E752</string>
			<key>isa</key>
			<string>PBXBuildFile</string>
		</dict>
		<key>70F29A511D56BF000057A497</key>
		<dict>
			<key>fileEncoding</key>
			<string>4</string>
			<key>isa</key>
			<string>PBXFileReference</string>
			<key>lastKnownFileType</key>
			<string>sourcecode.swift</string>
			<key>path</key>
			<string>PreferenceTableViewController.swift</string>
			<key>sourceTree</key>
			<string>&lt;group&gt;</string>
		</dict>
		<key>70F29A521D56BF000057A497</key>
		<dict>
			<key>fileRef</key>
			<string>70F29A511D56BF000057A497</string>
			<key>isa</key>
			<string>PBXBuildFile</string>
		</dict>
		<key>70F29A531D57655E0057A497</key>
		<dict>
			<key>fileEncoding</key>
			<string>4</string>
			<key>isa</key>
			<string>PBXFileReference</string>
			<key>lastKnownFileType</key>
			<string>sourcecode.swift</string>
			<key>name</key>
			<string>GradientView.swift</string>
			<key>path</key>
			<string>../Views/GradientView.swift</string>
			<key>sourceTree</key>
			<string>&lt;group&gt;</string>
		</dict>
		<key>70F29A541D57655E0057A497</key>
		<dict>
			<key>fileRef</key>
			<string>70F29A531D57655E0057A497</string>
			<key>isa</key>
			<string>PBXBuildFile</string>
		</dict>
		<key>70F29A551D5767730057A497</key>
		<dict>
			<key>fileEncoding</key>
			<string>4</string>
			<key>isa</key>
			<string>PBXFileReference</string>
			<key>lastKnownFileType</key>
			<string>sourcecode.swift</string>
			<key>path</key>
			<string>PreferenceTableViewCell.swift</string>
			<key>sourceTree</key>
			<string>&lt;group&gt;</string>
		</dict>
		<key>70F29A561D5767730057A497</key>
		<dict>
			<key>fileRef</key>
			<string>70F29A551D5767730057A497</string>
			<key>isa</key>
			<string>PBXBuildFile</string>
		</dict>
		<key>70F29A571D57D7F60057A497</key>
		<dict>
			<key>children</key>
			<array>
				<string>70A5229A1D4C12A00047E7E7</string>
				<string>70A5229C1D4C55F50047E7E7</string>
				<string>70F29A511D56BF000057A497</string>
				<string>70F29A551D5767730057A497</string>
				<string>70F29A591D57D8200057A497</string>
				<string>70F29A661D57E15F0057A497</string>
			</array>
			<key>isa</key>
			<string>PBXGroup</string>
			<key>name</key>
			<string>Preferences</string>
			<key>sourceTree</key>
			<string>&lt;group&gt;</string>
		</dict>
		<key>70F29A581D57D8080057A497</key>
		<dict>
			<key>children</key>
			<array>
				<string>7074BBC61D3352CC00FC7C90</string>
				<string>70C487461D32A6DF004F103A</string>
				<string>706F331C1D44689A00D569AE</string>
			</array>
			<key>isa</key>
			<string>PBXGroup</string>
			<key>name</key>
			<string>Relationships</string>
			<key>sourceTree</key>
			<string>&lt;group&gt;</string>
		</dict>
		<key>70F29A591D57D8200057A497</key>
		<dict>
			<key>fileEncoding</key>
			<string>4</string>
			<key>isa</key>
			<string>PBXFileReference</string>
			<key>lastKnownFileType</key>
			<string>sourcecode.swift</string>
			<key>path</key>
			<string>PreferenceUILabel.swift</string>
			<key>sourceTree</key>
			<string>&lt;group&gt;</string>
		</dict>
		<key>70F29A5A1D57D8200057A497</key>
		<dict>
			<key>fileRef</key>
			<string>70F29A591D57D8200057A497</string>
			<key>isa</key>
			<string>PBXBuildFile</string>
		</dict>
		<key>70F29A5B1D57DB820057A497</key>
		<dict>
			<key>isa</key>
			<string>PBXFileReference</string>
			<key>lastKnownFileType</key>
			<string>file</string>
			<key>path</key>
			<string>Roboto-Bold.ttf</string>
			<key>sourceTree</key>
			<string>&lt;group&gt;</string>
		</dict>
		<key>70F29A5C1D57DB820057A497</key>
		<dict>
			<key>isa</key>
			<string>PBXFileReference</string>
			<key>lastKnownFileType</key>
			<string>file</string>
			<key>path</key>
			<string>Roboto-Light.ttf</string>
			<key>sourceTree</key>
			<string>&lt;group&gt;</string>
		</dict>
		<key>70F29A5D1D57DB820057A497</key>
		<dict>
			<key>isa</key>
			<string>PBXFileReference</string>
			<key>lastKnownFileType</key>
			<string>file</string>
			<key>path</key>
			<string>Roboto-Medium.ttf</string>
			<key>sourceTree</key>
			<string>&lt;group&gt;</string>
		</dict>
		<key>70F29A5E1D57DB820057A497</key>
		<dict>
			<key>isa</key>
			<string>PBXFileReference</string>
			<key>lastKnownFileType</key>
			<string>file</string>
			<key>path</key>
			<string>Roboto-Regular.ttf</string>
			<key>sourceTree</key>
			<string>&lt;group&gt;</string>
		</dict>
		<key>70F29A5F1D57DB820057A497</key>
		<dict>
			<key>isa</key>
			<string>PBXFileReference</string>
			<key>lastKnownFileType</key>
			<string>file</string>
			<key>path</key>
			<string>Roboto-Thin.ttf</string>
			<key>sourceTree</key>
			<string>&lt;group&gt;</string>
		</dict>
		<key>70F29A601D57DB820057A497</key>
		<dict>
			<key>fileRef</key>
			<string>70F29A5B1D57DB820057A497</string>
			<key>isa</key>
			<string>PBXBuildFile</string>
		</dict>
		<key>70F29A611D57DB820057A497</key>
		<dict>
			<key>fileRef</key>
			<string>70F29A5C1D57DB820057A497</string>
			<key>isa</key>
			<string>PBXBuildFile</string>
		</dict>
		<key>70F29A621D57DB820057A497</key>
		<dict>
			<key>fileRef</key>
			<string>70F29A5D1D57DB820057A497</string>
			<key>isa</key>
			<string>PBXBuildFile</string>
		</dict>
		<key>70F29A631D57DB820057A497</key>
		<dict>
			<key>fileRef</key>
			<string>70F29A5E1D57DB820057A497</string>
			<key>isa</key>
			<string>PBXBuildFile</string>
		</dict>
		<key>70F29A641D57DB820057A497</key>
		<dict>
			<key>fileRef</key>
			<string>70F29A5F1D57DB820057A497</string>
			<key>isa</key>
			<string>PBXBuildFile</string>
		</dict>
		<key>70F29A651D57DB8C0057A497</key>
		<dict>
			<key>children</key>
			<array>
				<string>70F29A5B1D57DB820057A497</string>
				<string>70F29A5C1D57DB820057A497</string>
				<string>70F29A5D1D57DB820057A497</string>
				<string>70F29A5E1D57DB820057A497</string>
				<string>70F29A5F1D57DB820057A497</string>
			</array>
			<key>isa</key>
			<string>PBXGroup</string>
			<key>name</key>
			<string>Fonts</string>
			<key>sourceTree</key>
			<string>&lt;group&gt;</string>
		</dict>
		<key>70F29A661D57E15F0057A497</key>
		<dict>
			<key>fileEncoding</key>
			<string>4</string>
			<key>isa</key>
			<string>PBXFileReference</string>
			<key>lastKnownFileType</key>
			<string>sourcecode.swift</string>
			<key>path</key>
			<string>PreferenceUIView.swift</string>
			<key>sourceTree</key>
			<string>&lt;group&gt;</string>
		</dict>
		<key>70F29A671D57E15F0057A497</key>
		<dict>
			<key>fileRef</key>
			<string>70F29A661D57E15F0057A497</string>
			<key>isa</key>
			<string>PBXBuildFile</string>
		</dict>
		<key>70F29A681D582AAD0057A497</key>
		<dict>
			<key>fileEncoding</key>
			<string>4</string>
			<key>isa</key>
			<string>PBXFileReference</string>
			<key>lastKnownFileType</key>
			<string>text.json</string>
			<key>path</key>
			<string>system_configuration.json</string>
			<key>sourceTree</key>
			<string>&lt;group&gt;</string>
		</dict>
		<key>70F29A691D582AAD0057A497</key>
		<dict>
			<key>fileRef</key>
			<string>70F29A681D582AAD0057A497</string>
			<key>isa</key>
			<string>PBXBuildFile</string>
		</dict>
		<key>85B49BC250861258E287251E</key>
		<dict>
			<key>buildActionMask</key>
			<string>2147483647</string>
			<key>files</key>
			<array/>
			<key>inputPaths</key>
			<array/>
			<key>isa</key>
			<string>PBXShellScriptBuildPhase</string>
			<key>name</key>
			<string>[CP] Copy Pods Resources</string>
			<key>outputPaths</key>
			<array/>
			<key>runOnlyForDeploymentPostprocessing</key>
			<string>0</string>
			<key>shellPath</key>
			<string>/bin/sh</string>
			<key>shellScript</key>
			<string>"${SRCROOT}/Pods/Target Support Files/Pods-BeaconTerminal/Pods-BeaconTerminal-resources.sh"
</string>
			<key>showEnvVarsInLog</key>
			<string>0</string>
		</dict>
		<key>AE9764801C22C1BF0058A4DC</key>
		<dict>
			<key>children</key>
			<array>
				<string>AE97648B1C22C1BF0058A4DC</string>
				<string>AE97648A1C22C1BF0058A4DC</string>
				<string>351FCE10601876F58D4A23C0</string>
				<string>E253EB66E75A795CC0DF0F9F</string>
			</array>
			<key>isa</key>
			<string>PBXGroup</string>
			<key>sourceTree</key>
			<string>&lt;group&gt;</string>
		</dict>
		<key>AE9764811C22C1BF0058A4DC</key>
		<dict>
			<key>attributes</key>
			<dict>
				<key>LastSwiftUpdateCheck</key>
				<string>0730</string>
				<key>LastUpgradeCheck</key>
				<string>0800</string>
				<key>ORGANIZATIONNAME</key>
				<string>aperritano@gmail.com</string>
				<key>TargetAttributes</key>
				<dict>
					<key>AE9764881C22C1BF0058A4DC</key>
					<dict>
						<key>CreatedOnToolsVersion</key>
						<string>7.2</string>
						<key>DevelopmentTeam</key>
						<string>CN8G286W67</string>
						<key>LastSwiftMigration</key>
						<string>0800</string>
					</dict>
				</dict>
			</dict>
			<key>buildConfigurationList</key>
			<string>AE9764841C22C1BF0058A4DC</string>
			<key>compatibilityVersion</key>
			<string>Xcode 3.2</string>
			<key>developmentRegion</key>
			<string>English</string>
			<key>hasScannedForEncodings</key>
			<string>0</string>
			<key>isa</key>
			<string>PBXProject</string>
			<key>knownRegions</key>
			<array>
				<string>en</string>
				<string>Base</string>
			</array>
			<key>mainGroup</key>
			<string>AE9764801C22C1BF0058A4DC</string>
			<key>productRefGroup</key>
			<string>AE97648A1C22C1BF0058A4DC</string>
			<key>projectDirPath</key>
			<string></string>
			<key>projectReferences</key>
			<array/>
			<key>projectRoot</key>
			<string></string>
			<key>targets</key>
			<array>
				<string>AE9764881C22C1BF0058A4DC</string>
			</array>
		</dict>
		<key>AE9764841C22C1BF0058A4DC</key>
		<dict>
			<key>buildConfigurations</key>
			<array>
				<string>AE9764991C22C1BF0058A4DC</string>
				<string>AE97649A1C22C1BF0058A4DC</string>
			</array>
			<key>defaultConfigurationIsVisible</key>
			<string>0</string>
			<key>defaultConfigurationName</key>
			<string>Release</string>
			<key>isa</key>
			<string>XCConfigurationList</string>
		</dict>
		<key>AE9764851C22C1BF0058A4DC</key>
		<dict>
			<key>buildActionMask</key>
			<string>2147483647</string>
			<key>files</key>
			<array>
				<string>70F0A3F41CE6531C00A0E752</string>
				<string>70D142691D414E2700A588B3</string>
				<string>708D70641D2EFEF70032F422</string>
				<string>7064CAA21D67802800B77ADA</string>
				<string>70F29A671D57E15F0057A497</string>
				<string>70AE005D1D0DCD9200C3C61B</string>
				<string>70C1CF361D592E2800CB687E</string>
				<string>70F0A3EC1CE652E700A0E752</string>
				<string>70AE00611D0F14CF00C3C61B</string>
				<string>7074BBC71D3352CC00FC7C90</string>
				<string>70F0A3F01CE652F400A0E752</string>
				<string>70D62F841CFCF03D006F6997</string>
				<string>70AE971C1D202AAE0002C26F</string>
				<string>70D3D7151D66C22B00A57B92</string>
				<string>7042041D1CE8E94D00C09FD0</string>
				<string>70D9C1B41D6651F100FAF080</string>
				<string>AE97648D1C22C1BF0058A4DC</string>
				<string>70400D491D3DE108001942BA</string>
				<string>7031DB1E1D65EC0A000DCC61</string>
				<string>70D84A0C1D343125003C36DF</string>
				<string>70F29A561D5767730057A497</string>
				<string>70A5229D1D4C55F50047E7E7</string>
				<string>7031DB1C1D65E3E5000DCC61</string>
				<string>70D62F831CFCF03D006F6997</string>
				<string>70E8F4191D162C08007DF331</string>
				<string>70F0A3EE1CE652ED00A0E752</string>
				<string>7064CAA41D6783FB00B77ADA</string>
				<string>70F0A3F21CE6530200A0E752</string>
				<string>70389A0B1D5E6ECE005DF200</string>
				<string>7031DB201D6610AE000DCC61</string>
				<string>70D9C1B21D6650B700FAF080</string>
				<string>70EF4FFA1CE6135200AC8AD5</string>
				<string>70DDD8D01D1639C200E3EA10</string>
				<string>701841011D6041AF003921A1</string>
				<string>701103AC1D4E3BE200F81AC4</string>
				<string>C0A7DAFFCDF63F8162BEEF3C</string>
				<string>705F6A211D398EEA00F3E666</string>
				<string>70E47EA81D32C5D3003CD6E2</string>
				<string>70D62F891CFCF76C006F6997</string>
				<string>7099CDA21D0F99050037E56C</string>
				<string>C0A7DF679DB7E99EBAA806A9</string>
				<string>C0A7D8DB435721FCBB3BA999</string>
				<string>70C487471D32A6DF004F103A</string>
				<string>70F29A5A1D57D8200057A497</string>
				<string>70F29A541D57655E0057A497</string>
				<string>706F331D1D44689A00D569AE</string>
				<string>C0A7D8F70A7E079D7A2D2D5C</string>
				<string>C0A7D0FF940DC7B09B9D5B77</string>
				<string>C0A7D86B5F43115AEA850B2E</string>
				<string>C0A7D3406B5149858C3801A4</string>
				<string>C0A7D4716B8FF4FC2CA79983</string>
				<string>C0A7D7A3AF5744DFCBF33A7A</string>
				<string>70F29A521D56BF000057A497</string>
				<string>C0A7DDEB47B86F12E4714985</string>
			</array>
			<key>isa</key>
			<string>PBXSourcesBuildPhase</string>
			<key>runOnlyForDeploymentPostprocessing</key>
			<string>0</string>
		</dict>
		<key>AE9764861C22C1BF0058A4DC</key>
		<dict>
			<key>buildActionMask</key>
			<string>2147483647</string>
			<key>files</key>
			<array>
				<string>700A3AB81D4BC7E1009B540D</string>
				<string>700A3AB61D4BC7D8009B540D</string>
				<string>CBA9CAD8C8FD48EE867C994C</string>
			</array>
			<key>isa</key>
			<string>PBXFrameworksBuildPhase</string>
			<key>runOnlyForDeploymentPostprocessing</key>
			<string>0</string>
		</dict>
		<key>AE9764871C22C1BF0058A4DC</key>
		<dict>
			<key>buildActionMask</key>
			<string>2147483647</string>
			<key>files</key>
			<array>
				<string>70F29A621D57DB820057A497</string>
				<string>70F29A601D57DB820057A497</string>
				<string>70920D0E1CD57B54001B582F</string>
				<string>70F29A611D57DB820057A497</string>
				<string>7070C4D51D4E77BA00AB47FF</string>
				<string>70D3BCB71CD85E43003F52CE</string>
				<string>70A06DD31CE3F84D008FC11F</string>
				<string>AE9764941C22C1BF0058A4DC</string>
				<string>70F29A641D57DB820057A497</string>
				<string>70A06DD41CE3F84D008FC11F</string>
				<string>70A06DD61CE3FB54008FC11F</string>
				<string>708E0E3E1D4D0BAF0094F17A</string>
				<string>70D3BCB91CD85EAC003F52CE</string>
				<string>70A5229B1D4C12A00047E7E7</string>
				<string>70F29A691D582AAD0057A497</string>
				<string>70D3D7131D66B37500A57B92</string>
				<string>C0A7DEB430A5A2A9402CBBA4</string>
				<string>70F29A631D57DB820057A497</string>
				<string>C0A7D7200703366FD3290DAB</string>
				<string>7031DB1A1D65E18B000DCC61</string>
				<string>708D70661D2F03070032F422</string>
			</array>
			<key>isa</key>
			<string>PBXResourcesBuildPhase</string>
			<key>runOnlyForDeploymentPostprocessing</key>
			<string>0</string>
		</dict>
		<key>AE9764881C22C1BF0058A4DC</key>
		<dict>
			<key>buildConfigurationList</key>
			<string>AE97649B1C22C1BF0058A4DC</string>
			<key>buildPhases</key>
			<array>
				<string>D6EF7029447DC3EE7147C62B</string>
				<string>AE9764851C22C1BF0058A4DC</string>
				<string>AE9764861C22C1BF0058A4DC</string>
				<string>AE9764871C22C1BF0058A4DC</string>
				<string>50D286FD496FE984E4D6B351</string>
				<string>85B49BC250861258E287251E</string>
			</array>
			<key>buildRules</key>
			<array/>
			<key>dependencies</key>
			<array/>
			<key>isa</key>
			<string>PBXNativeTarget</string>
			<key>name</key>
			<string>BeaconTerminal</string>
			<key>productName</key>
			<string>LocationConfiguration07N</string>
			<key>productReference</key>
			<string>AE9764891C22C1BF0058A4DC</string>
			<key>productType</key>
			<string>com.apple.product-type.application</string>
		</dict>
		<key>AE9764891C22C1BF0058A4DC</key>
		<dict>
			<key>explicitFileType</key>
			<string>wrapper.application</string>
			<key>includeInIndex</key>
			<string>0</string>
			<key>isa</key>
			<string>PBXFileReference</string>
			<key>path</key>
			<string>BeaconTerminal.app</string>
			<key>sourceTree</key>
			<string>BUILT_PRODUCTS_DIR</string>
		</dict>
		<key>AE97648A1C22C1BF0058A4DC</key>
		<dict>
			<key>children</key>
			<array>
				<string>AE9764891C22C1BF0058A4DC</string>
			</array>
			<key>isa</key>
			<string>PBXGroup</string>
			<key>name</key>
			<string>Products</string>
			<key>sourceTree</key>
			<string>&lt;group&gt;</string>
		</dict>
		<key>AE97648B1C22C1BF0058A4DC</key>
		<dict>
			<key>children</key>
			<array>
				<string>AE9764931C22C1BF0058A4DC</string>
				<string>70F0A3EA1CE6526000A0E752</string>
				<string>70920D091CD52C4F001B582F</string>
				<string>70D62F871CFCF043006F6997</string>
				<string>70920D0C1CD57B3F001B582F</string>
				<string>AEC0A9391C86F6C700F88936</string>
				<string>C0A7D5E1CCBC3F9F3D7FF1EF</string>
				<string>C0A7D28976CF55BCDC92A3AB</string>
				<string>701380D41D1C7B5400C0EDDB</string>
			</array>
			<key>isa</key>
			<string>PBXGroup</string>
			<key>path</key>
			<string>BeaconTerminal</string>
			<key>sourceTree</key>
			<string>&lt;group&gt;</string>
		</dict>
		<key>AE97648C1C22C1BF0058A4DC</key>
		<dict>
			<key>fileEncoding</key>
			<string>4</string>
			<key>isa</key>
			<string>PBXFileReference</string>
			<key>lastKnownFileType</key>
			<string>sourcecode.swift</string>
			<key>name</key>
			<string>AppDelegate.swift</string>
			<key>path</key>
			<string>../AppDelegate.swift</string>
			<key>sourceTree</key>
			<string>&lt;group&gt;</string>
		</dict>
		<key>AE97648D1C22C1BF0058A4DC</key>
		<dict>
			<key>fileRef</key>
			<string>AE97648C1C22C1BF0058A4DC</string>
			<key>isa</key>
			<string>PBXBuildFile</string>
		</dict>
		<key>AE9764931C22C1BF0058A4DC</key>
		<dict>
			<key>isa</key>
			<string>PBXFileReference</string>
			<key>lastKnownFileType</key>
			<string>folder.assetcatalog</string>
			<key>path</key>
			<string>Assets.xcassets</string>
			<key>sourceTree</key>
			<string>&lt;group&gt;</string>
		</dict>
		<key>AE9764941C22C1BF0058A4DC</key>
		<dict>
			<key>fileRef</key>
			<string>AE9764931C22C1BF0058A4DC</string>
			<key>isa</key>
			<string>PBXBuildFile</string>
		</dict>
		<key>AE9764981C22C1BF0058A4DC</key>
		<dict>
			<key>isa</key>
			<string>PBXFileReference</string>
			<key>lastKnownFileType</key>
			<string>text.plist.xml</string>
			<key>path</key>
			<string>Info.plist</string>
			<key>sourceTree</key>
			<string>&lt;group&gt;</string>
		</dict>
		<key>AE9764991C22C1BF0058A4DC</key>
		<dict>
			<key>buildSettings</key>
			<dict>
				<key>ALWAYS_EMBED_SWIFT_STANDARD_LIBRARIES</key>
				<string>NO</string>
				<key>ALWAYS_SEARCH_USER_PATHS</key>
				<string>NO</string>
				<key>CLANG_CXX_LANGUAGE_STANDARD</key>
				<string>gnu++0x</string>
				<key>CLANG_CXX_LIBRARY</key>
				<string>libc++</string>
				<key>CLANG_ENABLE_MODULES</key>
				<string>YES</string>
				<key>CLANG_ENABLE_OBJC_ARC</key>
				<string>YES</string>
				<key>CLANG_WARN_BOOL_CONVERSION</key>
				<string>YES</string>
				<key>CLANG_WARN_CONSTANT_CONVERSION</key>
				<string>YES</string>
				<key>CLANG_WARN_DIRECT_OBJC_ISA_USAGE</key>
				<string>YES_ERROR</string>
				<key>CLANG_WARN_EMPTY_BODY</key>
				<string>YES</string>
				<key>CLANG_WARN_ENUM_CONVERSION</key>
				<string>YES</string>
				<key>CLANG_WARN_INFINITE_RECURSION</key>
				<string>YES</string>
				<key>CLANG_WARN_INT_CONVERSION</key>
				<string>YES</string>
				<key>CLANG_WARN_OBJC_ROOT_CLASS</key>
				<string>YES_ERROR</string>
				<key>CLANG_WARN_SUSPICIOUS_MOVE</key>
				<string>YES</string>
				<key>CLANG_WARN_UNREACHABLE_CODE</key>
				<string>YES</string>
				<key>CLANG_WARN__DUPLICATE_METHOD_MATCH</key>
				<string>YES</string>
				<key>CODE_SIGN_IDENTITY[sdk=iphoneos*]</key>
				<string>iPhone Developer</string>
				<key>COPY_PHASE_STRIP</key>
				<string>NO</string>
				<key>DEBUG_INFORMATION_FORMAT</key>
				<string>dwarf</string>
				<key>DEFINES_MODULE</key>
				<string>YES</string>
				<key>ENABLE_STRICT_OBJC_MSGSEND</key>
				<string>YES</string>
				<key>ENABLE_TESTABILITY</key>
				<string>YES</string>
				<key>GCC_C_LANGUAGE_STANDARD</key>
				<string>gnu99</string>
				<key>GCC_DYNAMIC_NO_PIC</key>
				<string>NO</string>
				<key>GCC_NO_COMMON_BLOCKS</key>
				<string>YES</string>
				<key>GCC_OPTIMIZATION_LEVEL</key>
				<string>0</string>
				<key>GCC_PREPROCESSOR_DEFINITIONS</key>
				<array>
					<string>DEBUG=1</string>
					<string>$(inherited)</string>
				</array>
				<key>GCC_WARN_64_TO_32_BIT_CONVERSION</key>
				<string>YES</string>
				<key>GCC_WARN_ABOUT_RETURN_TYPE</key>
				<string>YES_ERROR</string>
				<key>GCC_WARN_UNDECLARED_SELECTOR</key>
				<string>YES</string>
				<key>GCC_WARN_UNINITIALIZED_AUTOS</key>
				<string>YES_AGGRESSIVE</string>
				<key>GCC_WARN_UNUSED_FUNCTION</key>
				<string>YES</string>
				<key>GCC_WARN_UNUSED_VARIABLE</key>
				<string>YES</string>
				<key>IPHONEOS_DEPLOYMENT_TARGET</key>
				<string>9.3</string>
				<key>MTL_ENABLE_DEBUG_INFO</key>
				<string>YES</string>
				<key>ONLY_ACTIVE_ARCH</key>
				<string>YES</string>
				<key>SDKROOT</key>
				<string>iphoneos</string>
				<key>SWIFT_OPTIMIZATION_LEVEL</key>
				<string>-Onone</string>
				<key>SWIFT_VERSION</key>
				<string></string>
				<key>TARGETED_DEVICE_FAMILY</key>
				<string>1,2</string>
			</dict>
			<key>isa</key>
			<string>XCBuildConfiguration</string>
			<key>name</key>
			<string>Debug</string>
		</dict>
		<key>AE97649A1C22C1BF0058A4DC</key>
		<dict>
			<key>buildSettings</key>
			<dict>
				<key>ALWAYS_EMBED_SWIFT_STANDARD_LIBRARIES</key>
				<string>NO</string>
				<key>ALWAYS_SEARCH_USER_PATHS</key>
				<string>NO</string>
				<key>CLANG_CXX_LANGUAGE_STANDARD</key>
				<string>gnu++0x</string>
				<key>CLANG_CXX_LIBRARY</key>
				<string>libc++</string>
				<key>CLANG_ENABLE_MODULES</key>
				<string>YES</string>
				<key>CLANG_ENABLE_OBJC_ARC</key>
				<string>YES</string>
				<key>CLANG_WARN_BOOL_CONVERSION</key>
				<string>YES</string>
				<key>CLANG_WARN_CONSTANT_CONVERSION</key>
				<string>YES</string>
				<key>CLANG_WARN_DIRECT_OBJC_ISA_USAGE</key>
				<string>YES_ERROR</string>
				<key>CLANG_WARN_EMPTY_BODY</key>
				<string>YES</string>
				<key>CLANG_WARN_ENUM_CONVERSION</key>
				<string>YES</string>
				<key>CLANG_WARN_INFINITE_RECURSION</key>
				<string>YES</string>
				<key>CLANG_WARN_INT_CONVERSION</key>
				<string>YES</string>
				<key>CLANG_WARN_OBJC_ROOT_CLASS</key>
				<string>YES_ERROR</string>
				<key>CLANG_WARN_SUSPICIOUS_MOVE</key>
				<string>YES</string>
				<key>CLANG_WARN_UNREACHABLE_CODE</key>
				<string>YES</string>
				<key>CLANG_WARN__DUPLICATE_METHOD_MATCH</key>
				<string>YES</string>
				<key>CODE_SIGN_IDENTITY[sdk=iphoneos*]</key>
				<string>iPhone Developer</string>
				<key>COPY_PHASE_STRIP</key>
				<string>NO</string>
				<key>DEBUG_INFORMATION_FORMAT</key>
				<string>dwarf-with-dsym</string>
				<key>DEFINES_MODULE</key>
				<string>YES</string>
				<key>ENABLE_NS_ASSERTIONS</key>
				<string>NO</string>
				<key>ENABLE_STRICT_OBJC_MSGSEND</key>
				<string>YES</string>
				<key>GCC_C_LANGUAGE_STANDARD</key>
				<string>gnu99</string>
				<key>GCC_NO_COMMON_BLOCKS</key>
				<string>YES</string>
				<key>GCC_WARN_64_TO_32_BIT_CONVERSION</key>
				<string>YES</string>
				<key>GCC_WARN_ABOUT_RETURN_TYPE</key>
				<string>YES_ERROR</string>
				<key>GCC_WARN_UNDECLARED_SELECTOR</key>
				<string>YES</string>
				<key>GCC_WARN_UNINITIALIZED_AUTOS</key>
				<string>YES_AGGRESSIVE</string>
				<key>GCC_WARN_UNUSED_FUNCTION</key>
				<string>YES</string>
				<key>GCC_WARN_UNUSED_VARIABLE</key>
				<string>YES</string>
				<key>IPHONEOS_DEPLOYMENT_TARGET</key>
				<string>9.3</string>
				<key>MTL_ENABLE_DEBUG_INFO</key>
				<string>NO</string>
				<key>SDKROOT</key>
				<string>iphoneos</string>
				<key>SWIFT_VERSION</key>
				<string></string>
				<key>TARGETED_DEVICE_FAMILY</key>
				<string>1,2</string>
				<key>VALIDATE_PRODUCT</key>
				<string>YES</string>
			</dict>
			<key>isa</key>
			<string>XCBuildConfiguration</string>
			<key>name</key>
			<string>Release</string>
		</dict>
		<key>AE97649B1C22C1BF0058A4DC</key>
		<dict>
			<key>buildConfigurations</key>
			<array>
				<string>AE97649C1C22C1BF0058A4DC</string>
				<string>AE97649D1C22C1BF0058A4DC</string>
			</array>
			<key>defaultConfigurationIsVisible</key>
			<string>0</string>
			<key>defaultConfigurationName</key>
			<string>Release</string>
			<key>isa</key>
			<string>XCConfigurationList</string>
		</dict>
		<key>AE97649C1C22C1BF0058A4DC</key>
		<dict>
			<key>baseConfigurationReference</key>
			<string>6A27FBCB4C2DB3439725EB5A</string>
			<key>buildSettings</key>
			<dict>
				<key>ALWAYS_EMBED_SWIFT_STANDARD_LIBRARIES</key>
				<string>YES</string>
				<key>ASSETCATALOG_COMPILER_APPICON_NAME</key>
				<string>AppIcon</string>
				<key>CODE_SIGN_IDENTITY</key>
				<string>iPhone Developer</string>
				<key>DEFINES_MODULE</key>
				<string>YES</string>
				<key>FRAMEWORK_SEARCH_PATHS</key>
				<array>
					<string>$(inherited)</string>
					<string>$(PROJECT_DIR)/BeaconTerminal/Estimote</string>
					<string>$(PROJECT_DIR)</string>
				</array>
				<key>INFOPLIST_FILE</key>
				<string>BeaconTerminal/Info.plist</string>
				<key>IPHONEOS_DEPLOYMENT_TARGET</key>
				<string>9.3</string>
				<key>LD_RUNPATH_SEARCH_PATHS</key>
				<string>$(inherited) @executable_path/Frameworks</string>
				<key>OTHER_SWIFT_FLAGS</key>
				<string>$(inherited) "-D COCOAPODS" -Xfrontend -debug-time-function-bodies</string>
				<key>PRODUCT_BUNDLE_IDENTIFIER</key>
				<string>ltg.evl.uic.edu.BeaconTerminal</string>
				<key>PRODUCT_NAME</key>
				<string>BeaconTerminal</string>
				<key>PROVISIONING_PROFILE</key>
				<string></string>
				<key>SWIFT_OBJC_BRIDGING_HEADER</key>
				<string>BeaconTerminal/ObjCBridge.h</string>
				<key>SWIFT_VERSION</key>
				<string>3.0</string>
			</dict>
			<key>isa</key>
			<string>XCBuildConfiguration</string>
			<key>name</key>
			<string>Debug</string>
		</dict>
		<key>AE97649D1C22C1BF0058A4DC</key>
		<dict>
			<key>baseConfigurationReference</key>
			<string>3B59A5ABBDC2F3406224EF4B</string>
			<key>buildSettings</key>
			<dict>
				<key>ALWAYS_EMBED_SWIFT_STANDARD_LIBRARIES</key>
				<string>YES</string>
				<key>ASSETCATALOG_COMPILER_APPICON_NAME</key>
				<string>AppIcon</string>
				<key>CODE_SIGN_IDENTITY</key>
				<string>iPhone Developer</string>
				<key>DEFINES_MODULE</key>
				<string>YES</string>
				<key>FRAMEWORK_SEARCH_PATHS</key>
				<array>
					<string>$(inherited)</string>
					<string>$(PROJECT_DIR)/BeaconTerminal/Estimote</string>
					<string>$(PROJECT_DIR)/BeaconTerminal/Storyboard</string>
					<string>$(PROJECT_DIR)</string>
				</array>
				<key>INFOPLIST_FILE</key>
				<string>BeaconTerminal/Info.plist</string>
				<key>IPHONEOS_DEPLOYMENT_TARGET</key>
				<string>9.3</string>
				<key>LD_RUNPATH_SEARCH_PATHS</key>
				<string>$(inherited) @executable_path/Frameworks</string>
				<key>OTHER_SWIFT_FLAGS</key>
				<string>$(inherited) "-D COCOAPODS" -Xfrontend -debug-time-function-bodies</string>
				<key>PRODUCT_BUNDLE_IDENTIFIER</key>
				<string>ltg.evl.uic.edu.BeaconTerminal</string>
				<key>PRODUCT_NAME</key>
				<string>BeaconTerminal</string>
				<key>PROVISIONING_PROFILE</key>
				<string></string>
				<key>SWIFT_OBJC_BRIDGING_HEADER</key>
				<string>BeaconTerminal/ObjCBridge.h</string>
				<key>SWIFT_OPTIMIZATION_LEVEL</key>
				<string>-Owholemodule</string>
				<key>SWIFT_VERSION</key>
				<string>3.0</string>
			</dict>
			<key>isa</key>
			<string>XCBuildConfiguration</string>
			<key>name</key>
			<string>Release</string>
		</dict>
		<key>AE9764BC1C22F4B80058A4DC</key>
		<dict>
			<key>isa</key>
			<string>PBXFileReference</string>
			<key>lastKnownFileType</key>
			<string>sourcecode.c.h</string>
			<key>path</key>
			<string>ObjCBridge.h</string>
			<key>sourceTree</key>
			<string>&lt;group&gt;</string>
		</dict>
		<key>AEC0A9391C86F6C700F88936</key>
		<dict>
			<key>children</key>
			<array/>
			<key>isa</key>
			<string>PBXGroup</string>
			<key>path</key>
			<string>Estimote</string>
			<key>sourceTree</key>
			<string>&lt;group&gt;</string>
		</dict>
		<key>C0A7D004FC456D55A564307C</key>
		<dict>
			<key>fileEncoding</key>
			<string>4</string>
			<key>isa</key>
			<string>PBXFileReference</string>
			<key>lastKnownFileType</key>
			<string>text.json</string>
			<key>path</key>
			<string>nutella_config.json</string>
			<key>sourceTree</key>
			<string>&lt;group&gt;</string>
		</dict>
		<key>C0A7D041675C60FCCCCB17D9</key>
		<dict>
			<key>fileEncoding</key>
			<string>4</string>
			<key>isa</key>
			<string>PBXFileReference</string>
			<key>lastKnownFileType</key>
			<string>sourcecode.swift</string>
			<key>name</key>
			<string>SideViewController.swift</string>
			<key>path</key>
			<string>Main/SideViewController.swift</string>
			<key>sourceTree</key>
			<string>&lt;group&gt;</string>
		</dict>
		<key>C0A7D0A9DAF73012903BE55B</key>
		<dict>
			<key>children</key>
			<array>
				<string>C0A7D849BE92350EC6614884</string>
			</array>
			<key>isa</key>
			<string>PBXGroup</string>
			<key>path</key>
			<string>Test</string>
			<key>sourceTree</key>
			<string>&lt;group&gt;</string>
		</dict>
		<key>C0A7D0EA135DC06E087DD472</key>
		<dict>
			<key>fileEncoding</key>
			<string>4</string>
			<key>isa</key>
			<string>PBXFileReference</string>
			<key>lastKnownFileType</key>
			<string>sourcecode.swift</string>
			<key>path</key>
			<string>PlaceTerminalViewController.swift</string>
			<key>sourceTree</key>
			<string>&lt;group&gt;</string>
		</dict>
		<key>C0A7D0FF940DC7B09B9D5B77</key>
		<dict>
			<key>fileRef</key>
			<string>C0A7DFEBD44FF1762DD95243</string>
			<key>isa</key>
			<string>PBXBuildFile</string>
		</dict>
		<key>C0A7D118835AC334A93CDE75</key>
		<dict>
			<key>fileEncoding</key>
			<string>4</string>
			<key>isa</key>
			<string>PBXFileReference</string>
			<key>lastKnownFileType</key>
			<string>sourcecode.swift</string>
			<key>name</key>
			<string>ToolbarView.swift</string>
			<key>path</key>
			<string>../Views/ToolbarView.swift</string>
			<key>sourceTree</key>
			<string>&lt;group&gt;</string>
		</dict>
		<key>C0A7D28976CF55BCDC92A3AB</key>
		<dict>
			<key>children</key>
			<array>
				<string>7031DB181D65E156000DCC61</string>
				<string>70C1CF341D592DEB00CB687E</string>
				<string>C0A7DAF922A5401E5A9F4885</string>
				<string>70E8F41A1D162CA8007DF331</string>
				<string>C0A7DC783C6B08701103D5EF</string>
				<string>C0A7D0A9DAF73012903BE55B</string>
			</array>
			<key>isa</key>
			<string>PBXGroup</string>
			<key>path</key>
			<string>Controllers</string>
			<key>sourceTree</key>
			<string>&lt;group&gt;</string>
		</dict>
		<key>C0A7D3406B5149858C3801A4</key>
		<dict>
			<key>fileRef</key>
			<string>C0A7D849BE92350EC6614884</string>
			<key>isa</key>
			<string>PBXBuildFile</string>
		</dict>
		<key>C0A7D42A074C04107E1DC615</key>
		<dict>
			<key>fileEncoding</key>
			<string>4</string>
			<key>isa</key>
			<string>PBXFileReference</string>
			<key>lastKnownFileType</key>
			<string>file.storyboard</string>
			<key>name</key>
			<string>Base</string>
			<key>path</key>
			<string>BeaconTerminal/Base.lproj/Main.storyboard</string>
			<key>sourceTree</key>
			<string>SOURCE_ROOT</string>
		</dict>
		<key>C0A7D4716B8FF4FC2CA79983</key>
		<dict>
			<key>fileRef</key>
			<string>C0A7D7D10C9C8F198DA9F6D4</string>
			<key>isa</key>
			<string>PBXBuildFile</string>
		</dict>
		<key>C0A7D5E1CCBC3F9F3D7FF1EF</key>
		<dict>
			<key>children</key>
			<array>
				<string>C0A7D118835AC334A93CDE75</string>
				<string>70F29A531D57655E0057A497</string>
				<string>7099CDA11D0F99050037E56C</string>
				<string>704204191CE8E94D00C09FD0</string>
				<string>70AE971B1D202AAE0002C26F</string>
				<string>70E47EA71D32C5D3003CD6E2</string>
				<string>C0A7DAD61205D9767DB6FF97</string>
				<string>C0A7D6AC0D72ADF2FA28B555</string>
				<string>70D142681D414E2700A588B3</string>
				<string>701103AB1D4E3BE200F81AC4</string>
				<string>70389A0A1D5E6ECE005DF200</string>
				<string>7064CAA31D6783FB00B77ADA</string>
			</array>
			<key>isa</key>
			<string>PBXGroup</string>
			<key>name</key>
			<string>Util</string>
			<key>path</key>
			<string>util</string>
			<key>sourceTree</key>
			<string>&lt;group&gt;</string>
		</dict>
		<key>C0A7D628C381C03091617459</key>
		<dict>
			<key>children</key>
			<array>
				<string>C0A7D42A074C04107E1DC615</string>
			</array>
			<key>isa</key>
			<string>PBXVariantGroup</string>
			<key>name</key>
			<string>Main.storyboard</string>
			<key>path</key>
			<string>../../Storyboard</string>
			<key>sourceTree</key>
			<string>&lt;group&gt;</string>
		</dict>
		<key>C0A7D6AC0D72ADF2FA28B555</key>
		<dict>
			<key>fileEncoding</key>
			<string>4</string>
			<key>isa</key>
			<string>PBXFileReference</string>
			<key>lastKnownFileType</key>
			<string>sourcecode.swift</string>
			<key>path</key>
			<string>Random.swift</string>
			<key>sourceTree</key>
			<string>&lt;group&gt;</string>
		</dict>
		<key>C0A7D7200703366FD3290DAB</key>
		<dict>
			<key>fileRef</key>
			<string>C0A7D004FC456D55A564307C</string>
			<key>isa</key>
			<string>PBXBuildFile</string>
		</dict>
		<key>C0A7D7A3AF5744DFCBF33A7A</key>
		<dict>
			<key>fileRef</key>
			<string>C0A7D9417B0FDF110B7DA6C0</string>
			<key>isa</key>
			<string>PBXBuildFile</string>
		</dict>
		<key>C0A7D7D10C9C8F198DA9F6D4</key>
		<dict>
			<key>fileEncoding</key>
			<string>4</string>
			<key>isa</key>
			<string>PBXFileReference</string>
			<key>lastKnownFileType</key>
			<string>sourcecode.swift</string>
			<key>path</key>
			<string>ScannerViewController.swift</string>
			<key>sourceTree</key>
			<string>&lt;group&gt;</string>
		</dict>
		<key>C0A7D849BE92350EC6614884</key>
		<dict>
			<key>fileEncoding</key>
			<string>4</string>
			<key>isa</key>
			<string>PBXFileReference</string>
			<key>lastKnownFileType</key>
			<string>sourcecode.swift</string>
			<key>path</key>
			<string>TestUITableViewController.swift</string>
			<key>sourceTree</key>
			<string>&lt;group&gt;</string>
		</dict>
		<key>C0A7D86B5F43115AEA850B2E</key>
		<dict>
			<key>fileRef</key>
			<string>C0A7D041675C60FCCCCB17D9</string>
			<key>isa</key>
			<string>PBXBuildFile</string>
		</dict>
		<key>C0A7D8DB435721FCBB3BA999</key>
		<dict>
			<key>fileRef</key>
			<string>C0A7D6AC0D72ADF2FA28B555</string>
			<key>isa</key>
			<string>PBXBuildFile</string>
		</dict>
		<key>C0A7D8F70A7E079D7A2D2D5C</key>
		<dict>
			<key>fileRef</key>
			<string>C0A7DCD4F4E359FD879809E4</string>
			<key>isa</key>
			<string>PBXBuildFile</string>
		</dict>
		<key>C0A7D9417B0FDF110B7DA6C0</key>
		<dict>
			<key>fileEncoding</key>
			<string>4</string>
			<key>isa</key>
			<string>PBXFileReference</string>
			<key>lastKnownFileType</key>
			<string>sourcecode.swift</string>
			<key>path</key>
			<string>MainViewController.swift</string>
			<key>sourceTree</key>
			<string>&lt;group&gt;</string>
		</dict>
		<key>C0A7DAD61205D9767DB6FF97</key>
		<dict>
			<key>fileEncoding</key>
			<string>4</string>
			<key>isa</key>
			<string>PBXFileReference</string>
			<key>lastKnownFileType</key>
			<string>sourcecode.swift</string>
			<key>path</key>
			<string>Util.swift</string>
			<key>sourceTree</key>
			<string>&lt;group&gt;</string>
		</dict>
		<key>C0A7DAF922A5401E5A9F4885</key>
		<dict>
			<key>children</key>
			<array>
				<string>C0A7D628C381C03091617459</string>
				<string>C0A7DFEBD44FF1762DD95243</string>
				<string>C0A7D7D10C9C8F198DA9F6D4</string>
				<string>C0A7D9417B0FDF110B7DA6C0</string>
				<string>C0A7D0EA135DC06E087DD472</string>
				<string>70400D481D3DE108001942BA</string>
			</array>
			<key>isa</key>
			<string>PBXGroup</string>
			<key>path</key>
			<string>Main</string>
			<key>sourceTree</key>
			<string>&lt;group&gt;</string>
		</dict>
		<key>C0A7DAFFCDF63F8162BEEF3C</key>
		<dict>
			<key>fileRef</key>
			<string>C0A7D118835AC334A93CDE75</string>
			<key>isa</key>
			<string>PBXBuildFile</string>
		</dict>
		<key>C0A7DC783C6B08701103D5EF</key>
		<dict>
			<key>children</key>
			<array>
				<string>701840FF1D604181003921A1</string>
				<string>70D84A0B1D343125003C36DF</string>
				<string>708D70631D2EFEF70032F422</string>
				<string>708D70651D2F03070032F422</string>
				<string>708E0E3D1D4D0BAF0094F17A</string>
				<string>70AE005C1D0DCD9200C3C61B</string>
				<string>C0A7DCD4F4E359FD879809E4</string>
				<string>70F29A581D57D8080057A497</string>
				<string>7070C4D41D4E77BA00AB47FF</string>
				<string>70F29A571D57D7F60057A497</string>
			</array>
			<key>isa</key>
			<string>PBXGroup</string>
			<key>path</key>
			<string>Carousel</string>
			<key>sourceTree</key>
			<string>&lt;group&gt;</string>
		</dict>
		<key>C0A7DCD4F4E359FD879809E4</key>
		<dict>
			<key>fileEncoding</key>
			<string>4</string>
			<key>isa</key>
			<string>PBXFileReference</string>
			<key>lastKnownFileType</key>
			<string>sourcecode.swift</string>
			<key>path</key>
			<string>CoverFlowViewController.swift</string>
			<key>sourceTree</key>
			<string>&lt;group&gt;</string>
		</dict>
		<key>C0A7DDEB47B86F12E4714985</key>
		<dict>
			<key>fileRef</key>
			<string>C0A7D0EA135DC06E087DD472</string>
			<key>isa</key>
			<string>PBXBuildFile</string>
		</dict>
		<key>C0A7DEB430A5A2A9402CBBA4</key>
		<dict>
			<key>fileRef</key>
			<string>C0A7D628C381C03091617459</string>
			<key>isa</key>
			<string>PBXBuildFile</string>
		</dict>
		<key>C0A7DF679DB7E99EBAA806A9</key>
		<dict>
			<key>fileRef</key>
			<string>C0A7DAD61205D9767DB6FF97</string>
			<key>isa</key>
			<string>PBXBuildFile</string>
		</dict>
		<key>C0A7DFEBD44FF1762DD95243</key>
		<dict>
			<key>fileEncoding</key>
			<string>4</string>
			<key>isa</key>
			<string>PBXFileReference</string>
			<key>lastKnownFileType</key>
			<string>sourcecode.swift</string>
			<key>path</key>
			<string>ControlPanelViewController.swift</string>
			<key>sourceTree</key>
			<string>&lt;group&gt;</string>
		</dict>
		<key>CBA9CAD8C8FD48EE867C994C</key>
		<dict>
			<key>fileRef</key>
			<string>E88A1C1CBB05E4DB3693708A</string>
			<key>isa</key>
			<string>PBXBuildFile</string>
		</dict>
		<key>D6EF7029447DC3EE7147C62B</key>
		<dict>
			<key>buildActionMask</key>
			<string>2147483647</string>
			<key>files</key>
			<array/>
			<key>inputPaths</key>
			<array/>
			<key>isa</key>
			<string>PBXShellScriptBuildPhase</string>
			<key>name</key>
			<string>[CP] Check Pods Manifest.lock</string>
			<key>outputPaths</key>
			<array/>
			<key>runOnlyForDeploymentPostprocessing</key>
			<string>0</string>
			<key>shellPath</key>
			<string>/bin/sh</string>
			<key>shellScript</key>
			<string>diff "${PODS_ROOT}/../Podfile.lock" "${PODS_ROOT}/Manifest.lock" &gt; /dev/null
if [[ $? != 0 ]] ; then
    cat &lt;&lt; EOM
error: The sandbox is not in sync with the Podfile.lock. Run 'pod install' or update your CocoaPods installation.
EOM
    exit 1
fi
</string>
			<key>showEnvVarsInLog</key>
			<string>0</string>
		</dict>
		<key>E253EB66E75A795CC0DF0F9F</key>
		<dict>
			<key>children</key>
			<array>
				<string>6A27FBCB4C2DB3439725EB5A</string>
				<string>3B59A5ABBDC2F3406224EF4B</string>
			</array>
			<key>isa</key>
			<string>PBXGroup</string>
			<key>name</key>
			<string>Pods</string>
			<key>sourceTree</key>
			<string>&lt;group&gt;</string>
		</dict>
		<key>E88A1C1CBB05E4DB3693708A</key>
		<dict>
			<key>explicitFileType</key>
			<string>wrapper.framework</string>
			<key>includeInIndex</key>
			<string>0</string>
			<key>isa</key>
			<string>PBXFileReference</string>
			<key>path</key>
			<string>Pods_BeaconTerminal.framework</string>
			<key>sourceTree</key>
			<string>BUILT_PRODUCTS_DIR</string>
		</dict>
	</dict>
	<key>rootObject</key>
	<string>AE9764811C22C1BF0058A4DC</string>
</dict>
</plist>
